
Microsoft Visual Studio Solution File, Format Version 12.00
# Visual Studio Version 17
VisualStudioVersion = 17.10.35013.160
MinimumVisualStudioVersion = 10.0.40219.1
Project("{FAE04EC0-301F-11D3-BF4B-00C04F79EFBC}") = "AdvancedColorPicker", "AdvancedColorPicker.csproj", "{47F25F08-7A24-49B9-90B9-D65255A8BB07}"
EndProject
Global
	GlobalSection(SolutionConfigurationPlatforms) = preSolution
		Debug|Any CPU = Debug|Any CPU
		Release|Any CPU = Release|Any CPU
	EndGlobalSection
	GlobalSection(ProjectConfigurationPlatforms) = postSolution
		{47F25F08-7A24-49B9-90B9-D65255A8BB07}.Debug|Any CPU.ActiveCfg = Debug|Any CPU
		{47F25F08-7A24-49B9-90B9-D65255A8BB07}.Debug|Any CPU.Build.0 = Debug|Any CPU
		{47F25F08-7A24-49B9-90B9-D65255A8BB07}.Release|Any CPU.ActiveCfg = Release|Any CPU
		{47F25F08-7A24-49B9-90B9-D65255A8BB07}.Release|Any CPU.Build.0 = Release|Any CPU
	EndGlobalSection
	GlobalSection(SolutionProperties) = preSolution
		HideSolutionNode = FALSE
	EndGlobalSection
	GlobalSection(ExtensibilityGlobals) = postSolution
		SolutionGuid = {D07CF81E-B387-47AB-8A32-95CF8FBF5AB3}
	EndGlobalSection
EndGlobal
